
Microsoft Visual Studio Solution File, Format Version 11.00
# Visual Studio 2010
Project("{FAE04EC0-301F-11D3-BF4B-00C04F79EFBC}") = "BestWeatherEver.Android", "BestWeatherEver.Android\BestWeatherEver.Android.csproj", "{67F9393E-0398-45E4-BDAC-227F07FFA196}"
EndProject
Project("{FAE04EC0-301F-11D3-BF4B-00C04F79EFBC}") = "BestWeatherEver.iOS", "BestWeatherEver.iOS\BestWeatherEver.iOS.csproj", "{C7B8103C-8543-4A67-A737-D969E7CED7B4}"
EndProject
Project("{FAE04EC0-301F-11D3-BF4B-00C04F79EFBC}") = "BestWeatherEver", "BestWeatherEver\BestWeatherEver.csproj", "{AF989030-EDD4-478E-92A2-6BBF86136F32}"
EndProject
Global
	GlobalSection(SolutionConfigurationPlatforms) = preSolution
		Debug|Any CPU = Debug|Any CPU
		Release|Any CPU = Release|Any CPU
		Debug|iPhoneSimulator = Debug|iPhoneSimulator
		Release|iPhoneSimulator = Release|iPhoneSimulator
		Debug|iPhone = Debug|iPhone
		Release|iPhone = Release|iPhone
		Ad-Hoc|iPhone = Ad-Hoc|iPhone
		AppStore|iPhone = AppStore|iPhone
		Default|Any CPU = Default|Any CPU
	EndGlobalSection
	GlobalSection(ProjectConfigurationPlatforms) = postSolution
		{67F9393E-0398-45E4-BDAC-227F07FFA196}.Ad-Hoc|iPhone.ActiveCfg = Debug|Any CPU
		{67F9393E-0398-45E4-BDAC-227F07FFA196}.Ad-Hoc|iPhone.Build.0 = Debug|Any CPU
		{67F9393E-0398-45E4-BDAC-227F07FFA196}.AppStore|iPhone.ActiveCfg = Debug|Any CPU
		{67F9393E-0398-45E4-BDAC-227F07FFA196}.AppStore|iPhone.Build.0 = Debug|Any CPU
		{67F9393E-0398-45E4-BDAC-227F07FFA196}.Debug|Any CPU.ActiveCfg = Debug|Any CPU
		{67F9393E-0398-45E4-BDAC-227F07FFA196}.Debug|Any CPU.Build.0 = Debug|Any CPU
		{67F9393E-0398-45E4-BDAC-227F07FFA196}.Debug|iPhone.ActiveCfg = Debug|Any CPU
		{67F9393E-0398-45E4-BDAC-227F07FFA196}.Debug|iPhone.Build.0 = Debug|Any CPU
		{67F9393E-0398-45E4-BDAC-227F07FFA196}.Debug|iPhoneSimulator.ActiveCfg = Debug|Any CPU
		{67F9393E-0398-45E4-BDAC-227F07FFA196}.Debug|iPhoneSimulator.Build.0 = Debug|Any CPU
		{67F9393E-0398-45E4-BDAC-227F07FFA196}.Default|Any CPU.ActiveCfg = Debug|Any CPU
		{67F9393E-0398-45E4-BDAC-227F07FFA196}.Default|Any CPU.Build.0 = Debug|Any CPU
		{67F9393E-0398-45E4-BDAC-227F07FFA196}.Release|Any CPU.ActiveCfg = Release|Any CPU
		{67F9393E-0398-45E4-BDAC-227F07FFA196}.Release|Any CPU.Build.0 = Release|Any CPU
		{67F9393E-0398-45E4-BDAC-227F07FFA196}.Release|iPhone.ActiveCfg = Release|Any CPU
		{67F9393E-0398-45E4-BDAC-227F07FFA196}.Release|iPhone.Build.0 = Release|Any CPU
		{67F9393E-0398-45E4-BDAC-227F07FFA196}.Release|iPhoneSimulator.ActiveCfg = Release|Any CPU
		{67F9393E-0398-45E4-BDAC-227F07FFA196}.Release|iPhoneSimulator.Build.0 = Release|Any CPU
		{AF989030-EDD4-478E-92A2-6BBF86136F32}.Ad-Hoc|iPhone.ActiveCfg = Debug|Any CPU
		{AF989030-EDD4-478E-92A2-6BBF86136F32}.Ad-Hoc|iPhone.Build.0 = Debug|Any CPU
		{AF989030-EDD4-478E-92A2-6BBF86136F32}.AppStore|iPhone.ActiveCfg = Debug|Any CPU
		{AF989030-EDD4-478E-92A2-6BBF86136F32}.AppStore|iPhone.Build.0 = Debug|Any CPU
		{AF989030-EDD4-478E-92A2-6BBF86136F32}.Debug|Any CPU.ActiveCfg = Debug|Any CPU
		{AF989030-EDD4-478E-92A2-6BBF86136F32}.Debug|Any CPU.Build.0 = Debug|Any CPU
		{AF989030-EDD4-478E-92A2-6BBF86136F32}.Debug|iPhone.ActiveCfg = Debug|Any CPU
		{AF989030-EDD4-478E-92A2-6BBF86136F32}.Debug|iPhone.Build.0 = Debug|Any CPU
		{AF989030-EDD4-478E-92A2-6BBF86136F32}.Debug|iPhoneSimulator.ActiveCfg = Debug|Any CPU
		{AF989030-EDD4-478E-92A2-6BBF86136F32}.Debug|iPhoneSimulator.Build.0 = Debug|Any CPU
		{AF989030-EDD4-478E-92A2-6BBF86136F32}.Default|Any CPU.ActiveCfg = Debug|Any CPU
		{AF989030-EDD4-478E-92A2-6BBF86136F32}.Default|Any CPU.Build.0 = Debug|Any CPU
		{AF989030-EDD4-478E-92A2-6BBF86136F32}.Release|Any CPU.ActiveCfg = Release|Any CPU
		{AF989030-EDD4-478E-92A2-6BBF86136F32}.Release|Any CPU.Build.0 = Release|Any CPU
		{AF989030-EDD4-478E-92A2-6BBF86136F32}.Release|iPhone.ActiveCfg = Release|Any CPU
		{AF989030-EDD4-478E-92A2-6BBF86136F32}.Release|iPhone.Build.0 = Release|Any CPU
		{AF989030-EDD4-478E-92A2-6BBF86136F32}.Release|iPhoneSimulator.ActiveCfg = Release|Any CPU
		{AF989030-EDD4-478E-92A2-6BBF86136F32}.Release|iPhoneSimulator.Build.0 = Release|Any CPU
		{C7B8103C-8543-4A67-A737-D969E7CED7B4}.Ad-Hoc|iPhone.ActiveCfg = Ad-Hoc|iPhone
		{C7B8103C-8543-4A67-A737-D969E7CED7B4}.Ad-Hoc|iPhone.Build.0 = Ad-Hoc|iPhone
		{C7B8103C-8543-4A67-A737-D969E7CED7B4}.AppStore|iPhone.ActiveCfg = AppStore|iPhone
		{C7B8103C-8543-4A67-A737-D969E7CED7B4}.AppStore|iPhone.Build.0 = AppStore|iPhone
		{C7B8103C-8543-4A67-A737-D969E7CED7B4}.Debug|Any CPU.ActiveCfg = Debug|iPhoneSimulator
		{C7B8103C-8543-4A67-A737-D969E7CED7B4}.Debug|Any CPU.Build.0 = Debug|iPhoneSimulator
		{C7B8103C-8543-4A67-A737-D969E7CED7B4}.Debug|iPhone.ActiveCfg = Debug|iPhone
		{C7B8103C-8543-4A67-A737-D969E7CED7B4}.Debug|iPhone.Build.0 = Debug|iPhone
		{C7B8103C-8543-4A67-A737-D969E7CED7B4}.Debug|iPhoneSimulator.ActiveCfg = Debug|iPhoneSimulator
		{C7B8103C-8543-4A67-A737-D969E7CED7B4}.Debug|iPhoneSimulator.Build.0 = Debug|iPhoneSimulator
		{C7B8103C-8543-4A67-A737-D969E7CED7B4}.Default|Any CPU.ActiveCfg = Debug|iPhoneSimulator
		{C7B8103C-8543-4A67-A737-D969E7CED7B4}.Default|Any CPU.Build.0 = Debug|iPhoneSimulator
		{C7B8103C-8543-4A67-A737-D969E7CED7B4}.Release|Any CPU.ActiveCfg = Release|iPhoneSimulator
		{C7B8103C-8543-4A67-A737-D969E7CED7B4}.Release|Any CPU.Build.0 = Release|iPhoneSimulator
		{C7B8103C-8543-4A67-A737-D969E7CED7B4}.Release|iPhone.ActiveCfg = Release|iPhone
		{C7B8103C-8543-4A67-A737-D969E7CED7B4}.Release|iPhone.Build.0 = Release|iPhone
		{C7B8103C-8543-4A67-A737-D969E7CED7B4}.Release|iPhoneSimulator.ActiveCfg = Release|iPhoneSimulator
		{C7B8103C-8543-4A67-A737-D969E7CED7B4}.Release|iPhoneSimulator.Build.0 = Release|iPhoneSimulator
	EndGlobalSection
	GlobalSection(MonoDevelopProperties) = preSolution
		StartupItem = BestWeatherEver.Android\BestWeatherEver.Android.csproj
	EndGlobalSection
EndGlobal
